
Microsoft Visual Studio Solution File, Format Version 12.00
# Visual Studio Version 17
VisualStudioVersion = 17.0.31903.59
MinimumVisualStudioVersion = 15.0.26124.0
Project("{9A19103F-16F7-4668-BE54-9A1E7A4F7556}") = "Lutra", "Lutra\Lutra.csproj", "{7E0FCE39-68EE-4544-B6A3-0EDD83E5ACCF}"
EndProject
Project("{9A19103F-16F7-4668-BE54-9A1E7A4F7556}") = "Lutra.Examples", "Lutra.Examples\Lutra.Examples.csproj", "{43BB0B6A-9BB8-4BF5-96AA-8198A07A8E80}"
EndProject
Project("{9A19103F-16F7-4668-BE54-9A1E7A4F7556}") = "Lutra.Audio.OpenAL", "Lutra.Audio.OpenAL\Lutra.Audio.OpenAL.csproj", "{9879D792-D7FB-4156-AC5B-2DA56D6DEEDD}"
EndProject
Global
	GlobalSection(SolutionConfigurationPlatforms) = preSolution
		Debug|Any CPU = Debug|Any CPU
		Release|Any CPU = Release|Any CPU
	EndGlobalSection
	GlobalSection(ProjectConfigurationPlatforms) = postSolution
		{7E0FCE39-68EE-4544-B6A3-0EDD83E5ACCF}.Debug|Any CPU.ActiveCfg = Debug|Any CPU
		{7E0FCE39-68EE-4544-B6A3-0EDD83E5ACCF}.Debug|Any CPU.Build.0 = Debug|Any CPU
		{7E0FCE39-68EE-4544-B6A3-0EDD83E5ACCF}.Release|Any CPU.ActiveCfg = Release|Any CPU
		{7E0FCE39-68EE-4544-B6A3-0EDD83E5ACCF}.Release|Any CPU.Build.0 = Release|Any CPU
		{43BB0B6A-9BB8-4BF5-96AA-8198A07A8E80}.Debug|Any CPU.ActiveCfg = Debug|Any CPU
		{43BB0B6A-9BB8-4BF5-96AA-8198A07A8E80}.Debug|Any CPU.Build.0 = Debug|Any CPU
		{43BB0B6A-9BB8-4BF5-96AA-8198A07A8E80}.Release|Any CPU.ActiveCfg = Release|Any CPU
		{43BB0B6A-9BB8-4BF5-96AA-8198A07A8E80}.Release|Any CPU.Build.0 = Release|Any CPU
		{9879D792-D7FB-4156-AC5B-2DA56D6DEEDD}.Debug|Any CPU.ActiveCfg = Debug|Any CPU
		{9879D792-D7FB-4156-AC5B-2DA56D6DEEDD}.Debug|Any CPU.Build.0 = Debug|Any CPU
		{9879D792-D7FB-4156-AC5B-2DA56D6DEEDD}.Release|Any CPU.ActiveCfg = Release|Any CPU
		{9879D792-D7FB-4156-AC5B-2DA56D6DEEDD}.Release|Any CPU.Build.0 = Release|Any CPU
	EndGlobalSection
	GlobalSection(SolutionProperties) = preSolution
		HideSolutionNode = FALSE
	EndGlobalSection
	GlobalSection(ExtensibilityGlobals) = postSolution
		SolutionGuid = {F98208EF-BA6A-4BFA-921B-B68F48C98506}
	EndGlobalSection
EndGlobal
